
Microsoft Visual Studio Solution File, Format Version 12.00
# Visual Studio Version 17
VisualStudioVersion = 17.0.31612.314
MinimumVisualStudioVersion = 10.0.40219.1
Project("{2150E333-8FDC-42A3-9474-1A3956D46DE8}") = "Services", "Services", "{3EF5B668-5DB2-49D6-AAF9-EA09DC4E83B1}"
EndProject
Project("{2150E333-8FDC-42A3-9474-1A3956D46DE8}") = "Catalog", "Catalog", "{FAC26A14-A8E2-4B25-BE7F-FC88B42C1B4D}"
EndProject
Project("{9A19103F-16F7-4668-BE54-9A1E7A4F7556}") = "Catalog.API", "Services\Catalog\Catalog.API\Catalog.API.csproj", "{17E199F1-DDE1-41EE-9C42-C9F1CEC56DA0}"
EndProject
Project("{E53339B2-1760-4266-BCC7-CA923CBCF16C}") = "docker-compose", "docker-compose.dcproj", "{2A141561-C070-4D51-9017-89CF4869DF0B}"
EndProject
Global
	GlobalSection(SolutionConfigurationPlatforms) = preSolution
		Debug|Any CPU = Debug|Any CPU
		Release|Any CPU = Release|Any CPU
	EndGlobalSection
	GlobalSection(ProjectConfigurationPlatforms) = postSolution
		{17E199F1-DDE1-41EE-9C42-C9F1CEC56DA0}.Debug|Any CPU.ActiveCfg = Debug|Any CPU
		{17E199F1-DDE1-41EE-9C42-C9F1CEC56DA0}.Debug|Any CPU.Build.0 = Debug|Any CPU
		{17E199F1-DDE1-41EE-9C42-C9F1CEC56DA0}.Release|Any CPU.ActiveCfg = Release|Any CPU
		{17E199F1-DDE1-41EE-9C42-C9F1CEC56DA0}.Release|Any CPU.Build.0 = Release|Any CPU
		{2A141561-C070-4D51-9017-89CF4869DF0B}.Debug|Any CPU.ActiveCfg = Debug|Any CPU
		{2A141561-C070-4D51-9017-89CF4869DF0B}.Debug|Any CPU.Build.0 = Debug|Any CPU
		{2A141561-C070-4D51-9017-89CF4869DF0B}.Release|Any CPU.ActiveCfg = Release|Any CPU
		{2A141561-C070-4D51-9017-89CF4869DF0B}.Release|Any CPU.Build.0 = Release|Any CPU
	EndGlobalSection
	GlobalSection(SolutionProperties) = preSolution
		HideSolutionNode = FALSE
	EndGlobalSection
	GlobalSection(NestedProjects) = preSolution
		{FAC26A14-A8E2-4B25-BE7F-FC88B42C1B4D} = {3EF5B668-5DB2-49D6-AAF9-EA09DC4E83B1}
		{17E199F1-DDE1-41EE-9C42-C9F1CEC56DA0} = {FAC26A14-A8E2-4B25-BE7F-FC88B42C1B4D}
	EndGlobalSection
	GlobalSection(ExtensibilityGlobals) = postSolution
		SolutionGuid = {4B45D55E-26E3-4F0D-88FF-C54CD580BE41}
	EndGlobalSection
EndGlobal
