
Microsoft Visual Studio Solution File, Format Version 12.00
# Visual Studio Version 16
VisualStudioVersion = 16.0.31729.503
MinimumVisualStudioVersion = 10.0.40219.1
Project("{2150E333-8FDC-42A3-9474-1A3956D46DE8}") = "Services", "Services", "{3EF5B668-5DB2-49D6-AAF9-EA09DC4E83B1}"
EndProject
Project("{2150E333-8FDC-42A3-9474-1A3956D46DE8}") = "Catalog", "Catalog", "{FAC26A14-A8E2-4B25-BE7F-FC88B42C1B4D}"
EndProject
Project("{9A19103F-16F7-4668-BE54-9A1E7A4F7556}") = "Catalog.API", "Services\Catalog\Catalog.API\Catalog.API.csproj", "{17E199F1-DDE1-41EE-9C42-C9F1CEC56DA0}"
EndProject
Project("{E53339B2-1760-4266-BCC7-CA923CBCF16C}") = "docker-compose", "docker-compose.dcproj", "{2A141561-C070-4D51-9017-89CF4869DF0B}"
EndProject
Project("{2150E333-8FDC-42A3-9474-1A3956D46DE8}") = "Basket", "Basket", "{9352E9CA-846E-42DD-B36D-21A7A746C0FE}"
EndProject
Project("{9A19103F-16F7-4668-BE54-9A1E7A4F7556}") = "Basket.API", "Services\Basket\Basket.API\Basket.API.csproj", "{3CA96368-1EB8-4109-82F4-C1F294C4A7AB}"
EndProject
Project("{2150E333-8FDC-42A3-9474-1A3956D46DE8}") = "Discount", "Discount", "{9870B96D-14AB-4A99-9F9D-FB088F54C87C}"
EndProject
Project("{9A19103F-16F7-4668-BE54-9A1E7A4F7556}") = "Discount.API", "Services\Discount\Discount.API\Discount.API.csproj", "{C37AF8FE-F4BF-40EC-AAA3-5BA92F45CD3D}"
EndProject
Project("{9A19103F-16F7-4668-BE54-9A1E7A4F7556}") = "Discount.Grpc", "Services\Discount\Discount.Grpc\Discount.Grpc.csproj", "{24043AB7-AFED-4A20-9C52-C5B2A63B9EBD}"
EndProject
Project("{2150E333-8FDC-42A3-9474-1A3956D46DE8}") = "Ordering", "Ordering", "{3D80751E-E3FD-4636-9785-B4BF11554F9A}"
EndProject
Project("{9A19103F-16F7-4668-BE54-9A1E7A4F7556}") = "Ordering.API", "Services\Ordering\Ordering.API\Ordering.API.csproj", "{382A7179-B7B6-4999-8E1E-E96FC946E2D8}"
EndProject
Project("{9A19103F-16F7-4668-BE54-9A1E7A4F7556}") = "Ordering.Domain", "Services\Ordering\Ordering.Domain\Ordering.Domain.csproj", "{2BE34839-854B-44C5-BBEE-E46B65563C69}"
EndProject
Project("{9A19103F-16F7-4668-BE54-9A1E7A4F7556}") = "Ordering.Application", "Services\Ordering\Ordering.Application\Ordering.Application.csproj", "{16FC334D-9C02-4261-A104-7AA3F712F5FE}"
EndProject
Project("{9A19103F-16F7-4668-BE54-9A1E7A4F7556}") = "Ordering.Infrastructure", "Services\Ordering\Ordering.Infrastructure\Ordering.Infrastructure.csproj", "{F63FA375-39F2-427B-9715-1EE28C6B5426}"
EndProject
Project("{2150E333-8FDC-42A3-9474-1A3956D46DE8}") = "BuildingBlocks", "BuildingBlocks", "{6F2EAFA7-5442-4218-98EB-F1722DEAF552}"
EndProject
Project("{9A19103F-16F7-4668-BE54-9A1E7A4F7556}") = "EventBus.Messages", "BuildingBlocks\EventBus.Messages\EventBus.Messages.csproj", "{532E8795-1D25-4758-BBE9-DD2198A3BCB0}"
EndProject
Project("{2150E333-8FDC-42A3-9474-1A3956D46DE8}") = "ApiGateways", "ApiGateways", "{AE9069B6-4AB6-46B4-8D47-3135D6ED9EBD}"
EndProject
Project("{9A19103F-16F7-4668-BE54-9A1E7A4F7556}") = "OcelotApiGw", "ApiGateways\OcelotApiGw\OcelotApiGw.csproj", "{9648F0A3-3E2C-482B-B7CF-BFF4C2280971}"
EndProject
Project("{9A19103F-16F7-4668-BE54-9A1E7A4F7556}") = "Shopping.Aggregator", "ApiGateways\Shopping.Aggregator\Shopping.Aggregator.csproj", "{6A153782-B7FF-48D1-B022-9141EE9D884F}"
EndProject
Project("{2150E333-8FDC-42A3-9474-1A3956D46DE8}") = "WebApps", "WebApps", "{3B2F980A-C37A-49AD-AE78-D20582F949EC}"
EndProject
Project("{9A19103F-16F7-4668-BE54-9A1E7A4F7556}") = "AspnetRunBasics", "WebApps\AspnetRunBasics\AspnetRunBasics.csproj", "{81DB4FE1-E872-42FC-93B1-1CF0ABD64672}"
EndProject
Global
	GlobalSection(SolutionConfigurationPlatforms) = preSolution
		Debug|Any CPU = Debug|Any CPU
		Release|Any CPU = Release|Any CPU
	EndGlobalSection
	GlobalSection(ProjectConfigurationPlatforms) = postSolution
		{17E199F1-DDE1-41EE-9C42-C9F1CEC56DA0}.Debug|Any CPU.ActiveCfg = Debug|Any CPU
		{17E199F1-DDE1-41EE-9C42-C9F1CEC56DA0}.Debug|Any CPU.Build.0 = Debug|Any CPU
		{17E199F1-DDE1-41EE-9C42-C9F1CEC56DA0}.Release|Any CPU.ActiveCfg = Release|Any CPU
		{17E199F1-DDE1-41EE-9C42-C9F1CEC56DA0}.Release|Any CPU.Build.0 = Release|Any CPU
		{2A141561-C070-4D51-9017-89CF4869DF0B}.Debug|Any CPU.ActiveCfg = Debug|Any CPU
		{2A141561-C070-4D51-9017-89CF4869DF0B}.Debug|Any CPU.Build.0 = Debug|Any CPU
		{2A141561-C070-4D51-9017-89CF4869DF0B}.Release|Any CPU.ActiveCfg = Release|Any CPU
		{2A141561-C070-4D51-9017-89CF4869DF0B}.Release|Any CPU.Build.0 = Release|Any CPU
		{3CA96368-1EB8-4109-82F4-C1F294C4A7AB}.Debug|Any CPU.ActiveCfg = Debug|Any CPU
		{3CA96368-1EB8-4109-82F4-C1F294C4A7AB}.Debug|Any CPU.Build.0 = Debug|Any CPU
		{3CA96368-1EB8-4109-82F4-C1F294C4A7AB}.Release|Any CPU.ActiveCfg = Release|Any CPU
		{3CA96368-1EB8-4109-82F4-C1F294C4A7AB}.Release|Any CPU.Build.0 = Release|Any CPU
		{C37AF8FE-F4BF-40EC-AAA3-5BA92F45CD3D}.Debug|Any CPU.ActiveCfg = Debug|Any CPU
		{C37AF8FE-F4BF-40EC-AAA3-5BA92F45CD3D}.Debug|Any CPU.Build.0 = Debug|Any CPU
		{C37AF8FE-F4BF-40EC-AAA3-5BA92F45CD3D}.Release|Any CPU.ActiveCfg = Release|Any CPU
		{C37AF8FE-F4BF-40EC-AAA3-5BA92F45CD3D}.Release|Any CPU.Build.0 = Release|Any CPU
		{24043AB7-AFED-4A20-9C52-C5B2A63B9EBD}.Debug|Any CPU.ActiveCfg = Debug|Any CPU
		{24043AB7-AFED-4A20-9C52-C5B2A63B9EBD}.Debug|Any CPU.Build.0 = Debug|Any CPU
		{24043AB7-AFED-4A20-9C52-C5B2A63B9EBD}.Release|Any CPU.ActiveCfg = Release|Any CPU
		{24043AB7-AFED-4A20-9C52-C5B2A63B9EBD}.Release|Any CPU.Build.0 = Release|Any CPU
		{382A7179-B7B6-4999-8E1E-E96FC946E2D8}.Debug|Any CPU.ActiveCfg = Debug|Any CPU
		{382A7179-B7B6-4999-8E1E-E96FC946E2D8}.Debug|Any CPU.Build.0 = Debug|Any CPU
		{382A7179-B7B6-4999-8E1E-E96FC946E2D8}.Release|Any CPU.ActiveCfg = Release|Any CPU
		{382A7179-B7B6-4999-8E1E-E96FC946E2D8}.Release|Any CPU.Build.0 = Release|Any CPU
		{2BE34839-854B-44C5-BBEE-E46B65563C69}.Debug|Any CPU.ActiveCfg = Debug|Any CPU
		{2BE34839-854B-44C5-BBEE-E46B65563C69}.Debug|Any CPU.Build.0 = Debug|Any CPU
		{2BE34839-854B-44C5-BBEE-E46B65563C69}.Release|Any CPU.ActiveCfg = Release|Any CPU
		{2BE34839-854B-44C5-BBEE-E46B65563C69}.Release|Any CPU.Build.0 = Release|Any CPU
		{16FC334D-9C02-4261-A104-7AA3F712F5FE}.Debug|Any CPU.ActiveCfg = Debug|Any CPU
		{16FC334D-9C02-4261-A104-7AA3F712F5FE}.Debug|Any CPU.Build.0 = Debug|Any CPU
		{16FC334D-9C02-4261-A104-7AA3F712F5FE}.Release|Any CPU.ActiveCfg = Release|Any CPU
		{16FC334D-9C02-4261-A104-7AA3F712F5FE}.Release|Any CPU.Build.0 = Release|Any CPU
		{F63FA375-39F2-427B-9715-1EE28C6B5426}.Debug|Any CPU.ActiveCfg = Debug|Any CPU
		{F63FA375-39F2-427B-9715-1EE28C6B5426}.Debug|Any CPU.Build.0 = Debug|Any CPU
		{F63FA375-39F2-427B-9715-1EE28C6B5426}.Release|Any CPU.ActiveCfg = Release|Any CPU
		{F63FA375-39F2-427B-9715-1EE28C6B5426}.Release|Any CPU.Build.0 = Release|Any CPU
		{532E8795-1D25-4758-BBE9-DD2198A3BCB0}.Debug|Any CPU.ActiveCfg = Debug|Any CPU
		{532E8795-1D25-4758-BBE9-DD2198A3BCB0}.Debug|Any CPU.Build.0 = Debug|Any CPU
		{532E8795-1D25-4758-BBE9-DD2198A3BCB0}.Release|Any CPU.ActiveCfg = Release|Any CPU
		{532E8795-1D25-4758-BBE9-DD2198A3BCB0}.Release|Any CPU.Build.0 = Release|Any CPU
		{9648F0A3-3E2C-482B-B7CF-BFF4C2280971}.Debug|Any CPU.ActiveCfg = Debug|Any CPU
		{9648F0A3-3E2C-482B-B7CF-BFF4C2280971}.Debug|Any CPU.Build.0 = Debug|Any CPU
		{9648F0A3-3E2C-482B-B7CF-BFF4C2280971}.Release|Any CPU.ActiveCfg = Release|Any CPU
		{9648F0A3-3E2C-482B-B7CF-BFF4C2280971}.Release|Any CPU.Build.0 = Release|Any CPU
		{6A153782-B7FF-48D1-B022-9141EE9D884F}.Debug|Any CPU.ActiveCfg = Debug|Any CPU
		{6A153782-B7FF-48D1-B022-9141EE9D884F}.Debug|Any CPU.Build.0 = Debug|Any CPU
		{6A153782-B7FF-48D1-B022-9141EE9D884F}.Release|Any CPU.ActiveCfg = Release|Any CPU
		{6A153782-B7FF-48D1-B022-9141EE9D884F}.Release|Any CPU.Build.0 = Release|Any CPU
		{81DB4FE1-E872-42FC-93B1-1CF0ABD64672}.Debug|Any CPU.ActiveCfg = Debug|Any CPU
		{81DB4FE1-E872-42FC-93B1-1CF0ABD64672}.Debug|Any CPU.Build.0 = Debug|Any CPU
		{81DB4FE1-E872-42FC-93B1-1CF0ABD64672}.Release|Any CPU.ActiveCfg = Release|Any CPU
		{81DB4FE1-E872-42FC-93B1-1CF0ABD64672}.Release|Any CPU.Build.0 = Release|Any CPU
	EndGlobalSection
	GlobalSection(SolutionProperties) = preSolution
		HideSolutionNode = FALSE
	EndGlobalSection
	GlobalSection(NestedProjects) = preSolution
		{FAC26A14-A8E2-4B25-BE7F-FC88B42C1B4D} = {3EF5B668-5DB2-49D6-AAF9-EA09DC4E83B1}
		{17E199F1-DDE1-41EE-9C42-C9F1CEC56DA0} = {FAC26A14-A8E2-4B25-BE7F-FC88B42C1B4D}
		{9352E9CA-846E-42DD-B36D-21A7A746C0FE} = {3EF5B668-5DB2-49D6-AAF9-EA09DC4E83B1}
		{3CA96368-1EB8-4109-82F4-C1F294C4A7AB} = {9352E9CA-846E-42DD-B36D-21A7A746C0FE}
		{9870B96D-14AB-4A99-9F9D-FB088F54C87C} = {3EF5B668-5DB2-49D6-AAF9-EA09DC4E83B1}
		{C37AF8FE-F4BF-40EC-AAA3-5BA92F45CD3D} = {9870B96D-14AB-4A99-9F9D-FB088F54C87C}
		{24043AB7-AFED-4A20-9C52-C5B2A63B9EBD} = {9870B96D-14AB-4A99-9F9D-FB088F54C87C}
		{3D80751E-E3FD-4636-9785-B4BF11554F9A} = {3EF5B668-5DB2-49D6-AAF9-EA09DC4E83B1}
		{382A7179-B7B6-4999-8E1E-E96FC946E2D8} = {3D80751E-E3FD-4636-9785-B4BF11554F9A}
		{2BE34839-854B-44C5-BBEE-E46B65563C69} = {3D80751E-E3FD-4636-9785-B4BF11554F9A}
		{16FC334D-9C02-4261-A104-7AA3F712F5FE} = {3D80751E-E3FD-4636-9785-B4BF11554F9A}
		{F63FA375-39F2-427B-9715-1EE28C6B5426} = {3D80751E-E3FD-4636-9785-B4BF11554F9A}
		{532E8795-1D25-4758-BBE9-DD2198A3BCB0} = {6F2EAFA7-5442-4218-98EB-F1722DEAF552}
		{9648F0A3-3E2C-482B-B7CF-BFF4C2280971} = {AE9069B6-4AB6-46B4-8D47-3135D6ED9EBD}
		{6A153782-B7FF-48D1-B022-9141EE9D884F} = {AE9069B6-4AB6-46B4-8D47-3135D6ED9EBD}
		{81DB4FE1-E872-42FC-93B1-1CF0ABD64672} = {3B2F980A-C37A-49AD-AE78-D20582F949EC}
	EndGlobalSection
	GlobalSection(ExtensibilityGlobals) = postSolution
		SolutionGuid = {4B45D55E-26E3-4F0D-88FF-C54CD580BE41}
	EndGlobalSection
EndGlobal
